
Microsoft Visual Studio Solution File, Format Version 12.00
# Visual Studio Version 16
VisualStudioVersion = 16.0.31005.135
MinimumVisualStudioVersion = 10.0.40219.1
Project("{FAE04EC0-301F-11D3-BF4B-00C04F79EFBC}") = "BlazorBootstrapIconsdDemo", "BlazorBootstrapIconsdDemo\BlazorBootstrapIconsdDemo.csproj", "{553D7871-98F5-4567-8250-4844A1AD9845}"
EndProject
Global
	GlobalSection(SolutionConfigurationPlatforms) = preSolution
		Debug|Any CPU = Debug|Any CPU
		Release|Any CPU = Release|Any CPU
	EndGlobalSection
	GlobalSection(ProjectConfigurationPlatforms) = postSolution
		{553D7871-98F5-4567-8250-4844A1AD9845}.Debug|Any CPU.ActiveCfg = Debug|Any CPU
		{553D7871-98F5-4567-8250-4844A1AD9845}.Debug|Any CPU.Build.0 = Debug|Any CPU
		{553D7871-98F5-4567-8250-4844A1AD9845}.Release|Any CPU.ActiveCfg = Release|Any CPU
		{553D7871-98F5-4567-8250-4844A1AD9845}.Release|Any CPU.Build.0 = Release|Any CPU
	EndGlobalSection
	GlobalSection(SolutionProperties) = preSolution
		HideSolutionNode = FALSE
	EndGlobalSection
	GlobalSection(ExtensibilityGlobals) = postSolution
		SolutionGuid = {961CBFAE-3217-42C9-91D4-7C42C128EC28}
	EndGlobalSection
EndGlobal
